
Microsoft Visual Studio Solution File, Format Version 12.00
# Visual Studio Version 17
VisualStudioVersion = 17.10.35122.118
MinimumVisualStudioVersion = 10.0.40219.1
Project("{FAE04EC0-301F-11D3-BF4B-00C04F79EFBC}") = "Parcer", "Parcer\Parcer.csproj", "{49AEF439-95D9-44BB-BF78-D20F6F2AB7F4}"
EndProject
Global
	GlobalSection(SolutionConfigurationPlatforms) = preSolution
		Debug|Any CPU = Debug|Any CPU
		Release|Any CPU = Release|Any CPU
	EndGlobalSection
	GlobalSection(ProjectConfigurationPlatforms) = postSolution
		{49AEF439-95D9-44BB-BF78-D20F6F2AB7F4}.Debug|Any CPU.ActiveCfg = Debug|Any CPU
		{49AEF439-95D9-44BB-BF78-D20F6F2AB7F4}.Debug|Any CPU.Build.0 = Debug|Any CPU
		{49AEF439-95D9-44BB-BF78-D20F6F2AB7F4}.Release|Any CPU.ActiveCfg = Release|Any CPU
		{49AEF439-95D9-44BB-BF78-D20F6F2AB7F4}.Release|Any CPU.Build.0 = Release|Any CPU
	EndGlobalSection
	GlobalSection(SolutionProperties) = preSolution
		HideSolutionNode = FALSE
	EndGlobalSection
	GlobalSection(ExtensibilityGlobals) = postSolution
		SolutionGuid = {0EA1CC7C-44AE-4940-B9F1-B6B63B884939}
	EndGlobalSection
EndGlobal
